
Microsoft Visual Studio Solution File, Format Version 12.00
# Visual Studio Version 17
VisualStudioVersion = 17.11.35312.102
MinimumVisualStudioVersion = 10.0.40219.1
Project("{9A19103F-16F7-4668-BE54-9A1E7A4F7556}") = "TodoListApp.Api", "ToDoList\TodoListApp.Api.csproj", "{B623F6D9-1C99-44C1-8BEA-78039A8AF85A}"
EndProject
Project("{9A19103F-16F7-4668-BE54-9A1E7A4F7556}") = "TodoListApp.Entities", "ToDoListEntity\TodoListApp.Entities.csproj", "{475759C8-78FF-412F-A273-B963D52CADBD}"
EndProject
Project("{9A19103F-16F7-4668-BE54-9A1E7A4F7556}") = "TodoListApp.Domain", "TodoList.Domain\TodoListApp.Domain.csproj", "{7F38DA50-0227-40F6-8F7A-A790D878573E}"
EndProject
Global
	GlobalSection(SolutionConfigurationPlatforms) = preSolution
		Debug|Any CPU = Debug|Any CPU
		Release|Any CPU = Release|Any CPU
	EndGlobalSection
	GlobalSection(ProjectConfigurationPlatforms) = postSolution
		{B623F6D9-1C99-44C1-8BEA-78039A8AF85A}.Debug|Any CPU.ActiveCfg = Debug|Any CPU
		{B623F6D9-1C99-44C1-8BEA-78039A8AF85A}.Debug|Any CPU.Build.0 = Debug|Any CPU
		{B623F6D9-1C99-44C1-8BEA-78039A8AF85A}.Release|Any CPU.ActiveCfg = Release|Any CPU
		{B623F6D9-1C99-44C1-8BEA-78039A8AF85A}.Release|Any CPU.Build.0 = Release|Any CPU
		{475759C8-78FF-412F-A273-B963D52CADBD}.Debug|Any CPU.ActiveCfg = Debug|Any CPU
		{475759C8-78FF-412F-A273-B963D52CADBD}.Debug|Any CPU.Build.0 = Debug|Any CPU
		{475759C8-78FF-412F-A273-B963D52CADBD}.Release|Any CPU.ActiveCfg = Release|Any CPU
		{475759C8-78FF-412F-A273-B963D52CADBD}.Release|Any CPU.Build.0 = Release|Any CPU
		{7F38DA50-0227-40F6-8F7A-A790D878573E}.Debug|Any CPU.ActiveCfg = Debug|Any CPU
		{7F38DA50-0227-40F6-8F7A-A790D878573E}.Debug|Any CPU.Build.0 = Debug|Any CPU
		{7F38DA50-0227-40F6-8F7A-A790D878573E}.Release|Any CPU.ActiveCfg = Release|Any CPU
		{7F38DA50-0227-40F6-8F7A-A790D878573E}.Release|Any CPU.Build.0 = Release|Any CPU
	EndGlobalSection
	GlobalSection(SolutionProperties) = preSolution
		HideSolutionNode = FALSE
	EndGlobalSection
	GlobalSection(ExtensibilityGlobals) = postSolution
		SolutionGuid = {349F01E2-DAFE-4884-985D-62997A9B9325}
	EndGlobalSection
EndGlobal
